
Microsoft Visual Studio Solution File, Format Version 12.00
# Visual Studio Version 17
VisualStudioVersion = 17.0.31903.59
MinimumVisualStudioVersion = 10.0.40219.1
Project("{2150E333-8FDC-42A3-9474-1A3956D46DE8}") = "src", "src", "{4722135D-7DF2-4B99-A9D2-C39C4E8275F4}"
EndProject
Project("{2150E333-8FDC-42A3-9474-1A3956D46DE8}") = "backend", "backend", "{8AD8907E-C277-41D6-A254-BFBBBD4599C3}"
EndProject
Project("{2150E333-8FDC-42A3-9474-1A3956D46DE8}") = "SecurityService", "SecurityService", "{AE24F1C0-6C8A-42D0-9628-BCEB6B8D9AF8}"
EndProject
Project("{FAE04EC0-301F-11D3-BF4B-00C04F79EFBC}") = "SecurityService.Domain", "src\backend\SecurityService\SecurityService.Domain\SecurityService.Domain.csproj", "{5D618F2F-3CEE-43E4-B8F4-B121928557B1}"
EndProject
Project("{FAE04EC0-301F-11D3-BF4B-00C04F79EFBC}") = "SecurityService.Application", "src\backend\SecurityService\SecurityService.Application\SecurityService.Application.csproj", "{C70A16EE-A794-4312-AF95-3A0438087D79}"
EndProject
Project("{FAE04EC0-301F-11D3-BF4B-00C04F79EFBC}") = "SecurityService.Infrastructure", "src\backend\SecurityService\SecurityService.Infrastructure\SecurityService.Infrastructure.csproj", "{BA45126C-A937-4F21-8A63-182253D7D1A8}"
EndProject
Project("{FAE04EC0-301F-11D3-BF4B-00C04F79EFBC}") = "SecurityService.Api", "src\backend\SecurityService\SecurityService.Api\SecurityService.Api.csproj", "{464F032B-5180-4014-AE73-3A78E4B66D8E}"
EndProject
Project("{FAE04EC0-301F-11D3-BF4B-00C04F79EFBC}") = "SecurityService.Tests", "src\backend\SecurityService\SecurityService.Tests\SecurityService.Tests.csproj", "{61EDE6C8-59F2-404C-89FB-FA338068B871}"
EndProject
Project("{2150E333-8FDC-42A3-9474-1A3956D46DE8}") = "ProfileService", "ProfileService", "{E68F19F1-DA11-4B10-B7BE-E43568A33E4A}"
EndProject
Project("{FAE04EC0-301F-11D3-BF4B-00C04F79EFBC}") = "ProfileService.Domain", "src\backend\ProfileService\ProfileService.Domain\ProfileService.Domain.csproj", "{B54F0303-0DF7-4FA0-B285-5BEE459CF10C}"
EndProject
Project("{FAE04EC0-301F-11D3-BF4B-00C04F79EFBC}") = "ProfileService.Application", "src\backend\ProfileService\ProfileService.Application\ProfileService.Application.csproj", "{44D2EC8B-4A3B-4C30-8C10-DFE648519CF8}"
EndProject
Project("{FAE04EC0-301F-11D3-BF4B-00C04F79EFBC}") = "ProfileService.Infrastructure", "src\backend\ProfileService\ProfileService.Infrastructure\ProfileService.Infrastructure.csproj", "{E78FA74A-9506-4AD5-B648-156F138C0849}"
EndProject
Project("{FAE04EC0-301F-11D3-BF4B-00C04F79EFBC}") = "ProfileService.Api", "src\backend\ProfileService\ProfileService.Api\ProfileService.Api.csproj", "{709A58D1-6492-4905-B9D1-FC8944074A60}"
EndProject
Project("{FAE04EC0-301F-11D3-BF4B-00C04F79EFBC}") = "ProfileService.Tests", "src\backend\ProfileService\ProfileService.Tests\ProfileService.Tests.csproj", "{8398EAAF-F58B-484A-8F6D-7A5E494A6296}"
EndProject
Project("{2150E333-8FDC-42A3-9474-1A3956D46DE8}") = "WorkService", "WorkService", "{62F14F66-17B5-45FC-8177-3DB1C7EF1C4F}"
EndProject
Project("{FAE04EC0-301F-11D3-BF4B-00C04F79EFBC}") = "WorkService.Domain", "src\backend\WorkService\WorkService.Domain\WorkService.Domain.csproj", "{FA3124A7-0A54-4A1C-BA0B-9E7A608B8069}"
EndProject
Project("{FAE04EC0-301F-11D3-BF4B-00C04F79EFBC}") = "WorkService.Application", "src\backend\WorkService\WorkService.Application\WorkService.Application.csproj", "{4FC68EFB-4446-48A5-A399-D7981F4F08D5}"
EndProject
Project("{FAE04EC0-301F-11D3-BF4B-00C04F79EFBC}") = "WorkService.Infrastructure", "src\backend\WorkService\WorkService.Infrastructure\WorkService.Infrastructure.csproj", "{FFB5FD18-C957-4AC2-A399-D16D67609CDF}"
EndProject
Project("{FAE04EC0-301F-11D3-BF4B-00C04F79EFBC}") = "WorkService.Api", "src\backend\WorkService\WorkService.Api\WorkService.Api.csproj", "{B87AE648-8B44-45C9-8821-46FC85C726D5}"
EndProject
Project("{FAE04EC0-301F-11D3-BF4B-00C04F79EFBC}") = "WorkService.Tests", "src\backend\WorkService\WorkService.Tests\WorkService.Tests.csproj", "{5E0431FD-1D68-4475-AC6D-119AF04B162B}"
EndProject
Project("{2150E333-8FDC-42A3-9474-1A3956D46DE8}") = "UtilityService", "UtilityService", "{157DA723-B723-43B9-9811-808D36D12D28}"
EndProject
Project("{FAE04EC0-301F-11D3-BF4B-00C04F79EFBC}") = "UtilityService.Domain", "src\backend\UtilityService\UtilityService.Domain\UtilityService.Domain.csproj", "{A2129F45-3DB2-4331-BC44-1E0FB15F0769}"
EndProject
Project("{FAE04EC0-301F-11D3-BF4B-00C04F79EFBC}") = "UtilityService.Application", "src\backend\UtilityService\UtilityService.Application\UtilityService.Application.csproj", "{C2CBDE62-77B8-41D5-9020-3B53C9C25422}"
EndProject
Project("{FAE04EC0-301F-11D3-BF4B-00C04F79EFBC}") = "UtilityService.Infrastructure", "src\backend\UtilityService\UtilityService.Infrastructure\UtilityService.Infrastructure.csproj", "{31C7784A-E305-4C83-953D-ABBFA9BC8DD2}"
EndProject
Project("{FAE04EC0-301F-11D3-BF4B-00C04F79EFBC}") = "UtilityService.Api", "src\backend\UtilityService\UtilityService.Api\UtilityService.Api.csproj", "{BF0DFA35-D175-409A-8629-771ACBE4F5F2}"
EndProject
Project("{FAE04EC0-301F-11D3-BF4B-00C04F79EFBC}") = "UtilityService.Tests", "src\backend\UtilityService\UtilityService.Tests\UtilityService.Tests.csproj", "{5CB9B671-101A-4740-98CC-A1ECEB0CE31B}"
EndProject
Project("{2150E333-8FDC-42A3-9474-1A3956D46DE8}") = "BillingService", "BillingService", "{E1BF05BC-1AF3-44B7-B72E-4E36F44C2CA7}"
EndProject
Project("{FAE04EC0-301F-11D3-BF4B-00C04F79EFBC}") = "BillingService.Domain", "src\backend\BillingService\BillingService.Domain\BillingService.Domain.csproj", "{339D12CD-078A-44A5-A529-E0770F32C387}"
EndProject
Project("{FAE04EC0-301F-11D3-BF4B-00C04F79EFBC}") = "BillingService.Application", "src\backend\BillingService\BillingService.Application\BillingService.Application.csproj", "{83302843-18F1-4E65-B1DA-628A51601966}"
EndProject
Project("{FAE04EC0-301F-11D3-BF4B-00C04F79EFBC}") = "BillingService.Infrastructure", "src\backend\BillingService\BillingService.Infrastructure\BillingService.Infrastructure.csproj", "{FC0740F3-1D6A-483A-B5DB-7B9D9743DE69}"
EndProject
Project("{FAE04EC0-301F-11D3-BF4B-00C04F79EFBC}") = "BillingService.Api", "src\backend\BillingService\BillingService.Api\BillingService.Api.csproj", "{69472158-7109-4E95-AC60-74D01DE6899C}"
EndProject
Project("{FAE04EC0-301F-11D3-BF4B-00C04F79EFBC}") = "BillingService.Tests", "src\backend\BillingService\BillingService.Tests\BillingService.Tests.csproj", "{3C0D37A8-2F06-4C82-A3AE-41C12AA5EEC6}"
EndProject
Global
	GlobalSection(SolutionConfigurationPlatforms) = preSolution
		Debug|Any CPU = Debug|Any CPU
		Release|Any CPU = Release|Any CPU
	EndGlobalSection
	GlobalSection(SolutionProperties) = preSolution
		HideSolutionNode = FALSE
	EndGlobalSection
	GlobalSection(ProjectConfigurationPlatforms) = postSolution
		{5D618F2F-3CEE-43E4-B8F4-B121928557B1}.Debug|Any CPU.ActiveCfg = Debug|Any CPU
		{5D618F2F-3CEE-43E4-B8F4-B121928557B1}.Debug|Any CPU.Build.0 = Debug|Any CPU
		{5D618F2F-3CEE-43E4-B8F4-B121928557B1}.Release|Any CPU.ActiveCfg = Release|Any CPU
		{5D618F2F-3CEE-43E4-B8F4-B121928557B1}.Release|Any CPU.Build.0 = Release|Any CPU
		{C70A16EE-A794-4312-AF95-3A0438087D79}.Debug|Any CPU.ActiveCfg = Debug|Any CPU
		{C70A16EE-A794-4312-AF95-3A0438087D79}.Debug|Any CPU.Build.0 = Debug|Any CPU
		{C70A16EE-A794-4312-AF95-3A0438087D79}.Release|Any CPU.ActiveCfg = Release|Any CPU
		{C70A16EE-A794-4312-AF95-3A0438087D79}.Release|Any CPU.Build.0 = Release|Any CPU
		{BA45126C-A937-4F21-8A63-182253D7D1A8}.Debug|Any CPU.ActiveCfg = Debug|Any CPU
		{BA45126C-A937-4F21-8A63-182253D7D1A8}.Debug|Any CPU.Build.0 = Debug|Any CPU
		{BA45126C-A937-4F21-8A63-182253D7D1A8}.Release|Any CPU.ActiveCfg = Release|Any CPU
		{BA45126C-A937-4F21-8A63-182253D7D1A8}.Release|Any CPU.Build.0 = Release|Any CPU
		{464F032B-5180-4014-AE73-3A78E4B66D8E}.Debug|Any CPU.ActiveCfg = Debug|Any CPU
		{464F032B-5180-4014-AE73-3A78E4B66D8E}.Debug|Any CPU.Build.0 = Debug|Any CPU
		{464F032B-5180-4014-AE73-3A78E4B66D8E}.Release|Any CPU.ActiveCfg = Release|Any CPU
		{464F032B-5180-4014-AE73-3A78E4B66D8E}.Release|Any CPU.Build.0 = Release|Any CPU
		{61EDE6C8-59F2-404C-89FB-FA338068B871}.Debug|Any CPU.ActiveCfg = Debug|Any CPU
		{61EDE6C8-59F2-404C-89FB-FA338068B871}.Debug|Any CPU.Build.0 = Debug|Any CPU
		{61EDE6C8-59F2-404C-89FB-FA338068B871}.Release|Any CPU.ActiveCfg = Release|Any CPU
		{61EDE6C8-59F2-404C-89FB-FA338068B871}.Release|Any CPU.Build.0 = Release|Any CPU
		{B54F0303-0DF7-4FA0-B285-5BEE459CF10C}.Debug|Any CPU.ActiveCfg = Debug|Any CPU
		{B54F0303-0DF7-4FA0-B285-5BEE459CF10C}.Debug|Any CPU.Build.0 = Debug|Any CPU
		{B54F0303-0DF7-4FA0-B285-5BEE459CF10C}.Release|Any CPU.ActiveCfg = Release|Any CPU
		{B54F0303-0DF7-4FA0-B285-5BEE459CF10C}.Release|Any CPU.Build.0 = Release|Any CPU
		{44D2EC8B-4A3B-4C30-8C10-DFE648519CF8}.Debug|Any CPU.ActiveCfg = Debug|Any CPU
		{44D2EC8B-4A3B-4C30-8C10-DFE648519CF8}.Debug|Any CPU.Build.0 = Debug|Any CPU
		{44D2EC8B-4A3B-4C30-8C10-DFE648519CF8}.Release|Any CPU.ActiveCfg = Release|Any CPU
		{44D2EC8B-4A3B-4C30-8C10-DFE648519CF8}.Release|Any CPU.Build.0 = Release|Any CPU
		{E78FA74A-9506-4AD5-B648-156F138C0849}.Debug|Any CPU.ActiveCfg = Debug|Any CPU
		{E78FA74A-9506-4AD5-B648-156F138C0849}.Debug|Any CPU.Build.0 = Debug|Any CPU
		{E78FA74A-9506-4AD5-B648-156F138C0849}.Release|Any CPU.ActiveCfg = Release|Any CPU
		{E78FA74A-9506-4AD5-B648-156F138C0849}.Release|Any CPU.Build.0 = Release|Any CPU
		{709A58D1-6492-4905-B9D1-FC8944074A60}.Debug|Any CPU.ActiveCfg = Debug|Any CPU
		{709A58D1-6492-4905-B9D1-FC8944074A60}.Debug|Any CPU.Build.0 = Debug|Any CPU
		{709A58D1-6492-4905-B9D1-FC8944074A60}.Release|Any CPU.ActiveCfg = Release|Any CPU
		{709A58D1-6492-4905-B9D1-FC8944074A60}.Release|Any CPU.Build.0 = Release|Any CPU
		{8398EAAF-F58B-484A-8F6D-7A5E494A6296}.Debug|Any CPU.ActiveCfg = Debug|Any CPU
		{8398EAAF-F58B-484A-8F6D-7A5E494A6296}.Debug|Any CPU.Build.0 = Debug|Any CPU
		{8398EAAF-F58B-484A-8F6D-7A5E494A6296}.Release|Any CPU.ActiveCfg = Release|Any CPU
		{8398EAAF-F58B-484A-8F6D-7A5E494A6296}.Release|Any CPU.Build.0 = Release|Any CPU
		{FA3124A7-0A54-4A1C-BA0B-9E7A608B8069}.Debug|Any CPU.ActiveCfg = Debug|Any CPU
		{FA3124A7-0A54-4A1C-BA0B-9E7A608B8069}.Debug|Any CPU.Build.0 = Debug|Any CPU
		{FA3124A7-0A54-4A1C-BA0B-9E7A608B8069}.Release|Any CPU.ActiveCfg = Release|Any CPU
		{FA3124A7-0A54-4A1C-BA0B-9E7A608B8069}.Release|Any CPU.Build.0 = Release|Any CPU
		{4FC68EFB-4446-48A5-A399-D7981F4F08D5}.Debug|Any CPU.ActiveCfg = Debug|Any CPU
		{4FC68EFB-4446-48A5-A399-D7981F4F08D5}.Debug|Any CPU.Build.0 = Debug|Any CPU
		{4FC68EFB-4446-48A5-A399-D7981F4F08D5}.Release|Any CPU.ActiveCfg = Release|Any CPU
		{4FC68EFB-4446-48A5-A399-D7981F4F08D5}.Release|Any CPU.Build.0 = Release|Any CPU
		{FFB5FD18-C957-4AC2-A399-D16D67609CDF}.Debug|Any CPU.ActiveCfg = Debug|Any CPU
		{FFB5FD18-C957-4AC2-A399-D16D67609CDF}.Debug|Any CPU.Build.0 = Debug|Any CPU
		{FFB5FD18-C957-4AC2-A399-D16D67609CDF}.Release|Any CPU.ActiveCfg = Release|Any CPU
		{FFB5FD18-C957-4AC2-A399-D16D67609CDF}.Release|Any CPU.Build.0 = Release|Any CPU
		{B87AE648-8B44-45C9-8821-46FC85C726D5}.Debug|Any CPU.ActiveCfg = Debug|Any CPU
		{B87AE648-8B44-45C9-8821-46FC85C726D5}.Debug|Any CPU.Build.0 = Debug|Any CPU
		{B87AE648-8B44-45C9-8821-46FC85C726D5}.Release|Any CPU.ActiveCfg = Release|Any CPU
		{B87AE648-8B44-45C9-8821-46FC85C726D5}.Release|Any CPU.Build.0 = Release|Any CPU
		{5E0431FD-1D68-4475-AC6D-119AF04B162B}.Debug|Any CPU.ActiveCfg = Debug|Any CPU
		{5E0431FD-1D68-4475-AC6D-119AF04B162B}.Debug|Any CPU.Build.0 = Debug|Any CPU
		{5E0431FD-1D68-4475-AC6D-119AF04B162B}.Release|Any CPU.ActiveCfg = Release|Any CPU
		{5E0431FD-1D68-4475-AC6D-119AF04B162B}.Release|Any CPU.Build.0 = Release|Any CPU
		{A2129F45-3DB2-4331-BC44-1E0FB15F0769}.Debug|Any CPU.ActiveCfg = Debug|Any CPU
		{A2129F45-3DB2-4331-BC44-1E0FB15F0769}.Debug|Any CPU.Build.0 = Debug|Any CPU
		{A2129F45-3DB2-4331-BC44-1E0FB15F0769}.Release|Any CPU.ActiveCfg = Release|Any CPU
		{A2129F45-3DB2-4331-BC44-1E0FB15F0769}.Release|Any CPU.Build.0 = Release|Any CPU
		{C2CBDE62-77B8-41D5-9020-3B53C9C25422}.Debug|Any CPU.ActiveCfg = Debug|Any CPU
		{C2CBDE62-77B8-41D5-9020-3B53C9C25422}.Debug|Any CPU.Build.0 = Debug|Any CPU
		{C2CBDE62-77B8-41D5-9020-3B53C9C25422}.Release|Any CPU.ActiveCfg = Release|Any CPU
		{C2CBDE62-77B8-41D5-9020-3B53C9C25422}.Release|Any CPU.Build.0 = Release|Any CPU
		{31C7784A-E305-4C83-953D-ABBFA9BC8DD2}.Debug|Any CPU.ActiveCfg = Debug|Any CPU
		{31C7784A-E305-4C83-953D-ABBFA9BC8DD2}.Debug|Any CPU.Build.0 = Debug|Any CPU
		{31C7784A-E305-4C83-953D-ABBFA9BC8DD2}.Release|Any CPU.ActiveCfg = Release|Any CPU
		{31C7784A-E305-4C83-953D-ABBFA9BC8DD2}.Release|Any CPU.Build.0 = Release|Any CPU
		{BF0DFA35-D175-409A-8629-771ACBE4F5F2}.Debug|Any CPU.ActiveCfg = Debug|Any CPU
		{BF0DFA35-D175-409A-8629-771ACBE4F5F2}.Debug|Any CPU.Build.0 = Debug|Any CPU
		{BF0DFA35-D175-409A-8629-771ACBE4F5F2}.Release|Any CPU.ActiveCfg = Release|Any CPU
		{BF0DFA35-D175-409A-8629-771ACBE4F5F2}.Release|Any CPU.Build.0 = Release|Any CPU
		{5CB9B671-101A-4740-98CC-A1ECEB0CE31B}.Debug|Any CPU.ActiveCfg = Debug|Any CPU
		{5CB9B671-101A-4740-98CC-A1ECEB0CE31B}.Debug|Any CPU.Build.0 = Debug|Any CPU
		{5CB9B671-101A-4740-98CC-A1ECEB0CE31B}.Release|Any CPU.ActiveCfg = Release|Any CPU
		{5CB9B671-101A-4740-98CC-A1ECEB0CE31B}.Release|Any CPU.Build.0 = Release|Any CPU
		{339D12CD-078A-44A5-A529-E0770F32C387}.Debug|Any CPU.ActiveCfg = Debug|Any CPU
		{339D12CD-078A-44A5-A529-E0770F32C387}.Debug|Any CPU.Build.0 = Debug|Any CPU
		{339D12CD-078A-44A5-A529-E0770F32C387}.Release|Any CPU.ActiveCfg = Release|Any CPU
		{339D12CD-078A-44A5-A529-E0770F32C387}.Release|Any CPU.Build.0 = Release|Any CPU
		{83302843-18F1-4E65-B1DA-628A51601966}.Debug|Any CPU.ActiveCfg = Debug|Any CPU
		{83302843-18F1-4E65-B1DA-628A51601966}.Debug|Any CPU.Build.0 = Debug|Any CPU
		{83302843-18F1-4E65-B1DA-628A51601966}.Release|Any CPU.ActiveCfg = Release|Any CPU
		{83302843-18F1-4E65-B1DA-628A51601966}.Release|Any CPU.Build.0 = Release|Any CPU
		{FC0740F3-1D6A-483A-B5DB-7B9D9743DE69}.Debug|Any CPU.ActiveCfg = Debug|Any CPU
		{FC0740F3-1D6A-483A-B5DB-7B9D9743DE69}.Debug|Any CPU.Build.0 = Debug|Any CPU
		{FC0740F3-1D6A-483A-B5DB-7B9D9743DE69}.Release|Any CPU.ActiveCfg = Release|Any CPU
		{FC0740F3-1D6A-483A-B5DB-7B9D9743DE69}.Release|Any CPU.Build.0 = Release|Any CPU
		{69472158-7109-4E95-AC60-74D01DE6899C}.Debug|Any CPU.ActiveCfg = Debug|Any CPU
		{69472158-7109-4E95-AC60-74D01DE6899C}.Debug|Any CPU.Build.0 = Debug|Any CPU
		{69472158-7109-4E95-AC60-74D01DE6899C}.Release|Any CPU.ActiveCfg = Release|Any CPU
		{69472158-7109-4E95-AC60-74D01DE6899C}.Release|Any CPU.Build.0 = Release|Any CPU
		{3C0D37A8-2F06-4C82-A3AE-41C12AA5EEC6}.Debug|Any CPU.ActiveCfg = Debug|Any CPU
		{3C0D37A8-2F06-4C82-A3AE-41C12AA5EEC6}.Debug|Any CPU.Build.0 = Debug|Any CPU
		{3C0D37A8-2F06-4C82-A3AE-41C12AA5EEC6}.Release|Any CPU.ActiveCfg = Release|Any CPU
		{3C0D37A8-2F06-4C82-A3AE-41C12AA5EEC6}.Release|Any CPU.Build.0 = Release|Any CPU
	EndGlobalSection
	GlobalSection(NestedProjects) = preSolution
		{8AD8907E-C277-41D6-A254-BFBBBD4599C3} = {4722135D-7DF2-4B99-A9D2-C39C4E8275F4}
		{AE24F1C0-6C8A-42D0-9628-BCEB6B8D9AF8} = {8AD8907E-C277-41D6-A254-BFBBBD4599C3}
		{5D618F2F-3CEE-43E4-B8F4-B121928557B1} = {AE24F1C0-6C8A-42D0-9628-BCEB6B8D9AF8}
		{C70A16EE-A794-4312-AF95-3A0438087D79} = {AE24F1C0-6C8A-42D0-9628-BCEB6B8D9AF8}
		{BA45126C-A937-4F21-8A63-182253D7D1A8} = {AE24F1C0-6C8A-42D0-9628-BCEB6B8D9AF8}
		{464F032B-5180-4014-AE73-3A78E4B66D8E} = {AE24F1C0-6C8A-42D0-9628-BCEB6B8D9AF8}
		{61EDE6C8-59F2-404C-89FB-FA338068B871} = {AE24F1C0-6C8A-42D0-9628-BCEB6B8D9AF8}
		{E68F19F1-DA11-4B10-B7BE-E43568A33E4A} = {8AD8907E-C277-41D6-A254-BFBBBD4599C3}
		{B54F0303-0DF7-4FA0-B285-5BEE459CF10C} = {E68F19F1-DA11-4B10-B7BE-E43568A33E4A}
		{44D2EC8B-4A3B-4C30-8C10-DFE648519CF8} = {E68F19F1-DA11-4B10-B7BE-E43568A33E4A}
		{E78FA74A-9506-4AD5-B648-156F138C0849} = {E68F19F1-DA11-4B10-B7BE-E43568A33E4A}
		{709A58D1-6492-4905-B9D1-FC8944074A60} = {E68F19F1-DA11-4B10-B7BE-E43568A33E4A}
		{8398EAAF-F58B-484A-8F6D-7A5E494A6296} = {E68F19F1-DA11-4B10-B7BE-E43568A33E4A}
		{62F14F66-17B5-45FC-8177-3DB1C7EF1C4F} = {8AD8907E-C277-41D6-A254-BFBBBD4599C3}
		{FA3124A7-0A54-4A1C-BA0B-9E7A608B8069} = {62F14F66-17B5-45FC-8177-3DB1C7EF1C4F}
		{4FC68EFB-4446-48A5-A399-D7981F4F08D5} = {62F14F66-17B5-45FC-8177-3DB1C7EF1C4F}
		{FFB5FD18-C957-4AC2-A399-D16D67609CDF} = {62F14F66-17B5-45FC-8177-3DB1C7EF1C4F}
		{B87AE648-8B44-45C9-8821-46FC85C726D5} = {62F14F66-17B5-45FC-8177-3DB1C7EF1C4F}
		{5E0431FD-1D68-4475-AC6D-119AF04B162B} = {62F14F66-17B5-45FC-8177-3DB1C7EF1C4F}
		{157DA723-B723-43B9-9811-808D36D12D28} = {8AD8907E-C277-41D6-A254-BFBBBD4599C3}
		{A2129F45-3DB2-4331-BC44-1E0FB15F0769} = {157DA723-B723-43B9-9811-808D36D12D28}
		{C2CBDE62-77B8-41D5-9020-3B53C9C25422} = {157DA723-B723-43B9-9811-808D36D12D28}
		{31C7784A-E305-4C83-953D-ABBFA9BC8DD2} = {157DA723-B723-43B9-9811-808D36D12D28}
		{BF0DFA35-D175-409A-8629-771ACBE4F5F2} = {157DA723-B723-43B9-9811-808D36D12D28}
		{5CB9B671-101A-4740-98CC-A1ECEB0CE31B} = {157DA723-B723-43B9-9811-808D36D12D28}
		{E1BF05BC-1AF3-44B7-B72E-4E36F44C2CA7} = {8AD8907E-C277-41D6-A254-BFBBBD4599C3}
		{339D12CD-078A-44A5-A529-E0770F32C387} = {E1BF05BC-1AF3-44B7-B72E-4E36F44C2CA7}
		{83302843-18F1-4E65-B1DA-628A51601966} = {E1BF05BC-1AF3-44B7-B72E-4E36F44C2CA7}
		{FC0740F3-1D6A-483A-B5DB-7B9D9743DE69} = {E1BF05BC-1AF3-44B7-B72E-4E36F44C2CA7}
		{69472158-7109-4E95-AC60-74D01DE6899C} = {E1BF05BC-1AF3-44B7-B72E-4E36F44C2CA7}
		{3C0D37A8-2F06-4C82-A3AE-41C12AA5EEC6} = {E1BF05BC-1AF3-44B7-B72E-4E36F44C2CA7}
	EndGlobalSection
EndGlobal
